
Microsoft Visual Studio Solution File, Format Version 12.00
# Visual Studio 15
VisualStudioVersion = 15.0.28307.902
MinimumVisualStudioVersion = 10.0.40219.1
Project("{9A19103F-16F7-4668-BE54-9A1E7A4F7556}") = "back2", "back2.csproj", "{2928BAC6-BDDC-45A8-A1BB-4E4B227BF53A}"
EndProject
Global
	GlobalSection(SolutionConfigurationPlatforms) = preSolution
		Debug|Any CPU = Debug|Any CPU
		Release|Any CPU = Release|Any CPU
	EndGlobalSection
	GlobalSection(ProjectConfigurationPlatforms) = postSolution
		{2928BAC6-BDDC-45A8-A1BB-4E4B227BF53A}.Debug|Any CPU.ActiveCfg = Debug|Any CPU
		{2928BAC6-BDDC-45A8-A1BB-4E4B227BF53A}.Debug|Any CPU.Build.0 = Debug|Any CPU
		{2928BAC6-BDDC-45A8-A1BB-4E4B227BF53A}.Release|Any CPU.ActiveCfg = Release|Any CPU
		{2928BAC6-BDDC-45A8-A1BB-4E4B227BF53A}.Release|Any CPU.Build.0 = Release|Any CPU
	EndGlobalSection
	GlobalSection(SolutionProperties) = preSolution
		HideSolutionNode = FALSE
	EndGlobalSection
	GlobalSection(ExtensibilityGlobals) = postSolution
		SolutionGuid = {B5A3A9A2-1593-43D4-B86C-2FDBF61067DA}
	EndGlobalSection
EndGlobal
